
Microsoft Visual Studio Solution File, Format Version 12.00
# Visual Studio 15
VisualStudioVersion = 15.0.27130.2036
MinimumVisualStudioVersion = 10.0.40219.1
Project("{8BC9CEB8-8B4A-11D0-8D11-00A0C91BC942}") = "PartyHomeWork", "PartyHomeWork\PartyHomeWork.vcxproj", "{32A8DD64-03F9-4663-99FB-CF2B835145D7}"
EndProject
Global
	GlobalSection(SolutionConfigurationPlatforms) = preSolution
		Debug|x64 = Debug|x64
		Debug|x86 = Debug|x86
		Release|x64 = Release|x64
		Release|x86 = Release|x86
	EndGlobalSection
	GlobalSection(ProjectConfigurationPlatforms) = postSolution
		{32A8DD64-03F9-4663-99FB-CF2B835145D7}.Debug|x64.ActiveCfg = Debug|x64
		{32A8DD64-03F9-4663-99FB-CF2B835145D7}.Debug|x64.Build.0 = Debug|x64
		{32A8DD64-03F9-4663-99FB-CF2B835145D7}.Debug|x86.ActiveCfg = Debug|Win32
		{32A8DD64-03F9-4663-99FB-CF2B835145D7}.Debug|x86.Build.0 = Debug|Win32
		{32A8DD64-03F9-4663-99FB-CF2B835145D7}.Release|x64.ActiveCfg = Release|x64
		{32A8DD64-03F9-4663-99FB-CF2B835145D7}.Release|x64.Build.0 = Release|x64
		{32A8DD64-03F9-4663-99FB-CF2B835145D7}.Release|x86.ActiveCfg = Release|Win32
		{32A8DD64-03F9-4663-99FB-CF2B835145D7}.Release|x86.Build.0 = Release|Win32
	EndGlobalSection
	GlobalSection(SolutionProperties) = preSolution
		HideSolutionNode = FALSE
	EndGlobalSection
	GlobalSection(ExtensibilityGlobals) = postSolution
		SolutionGuid = {79DDB7B2-C9CA-49B3-83A6-8EF8D3A9B791}
	EndGlobalSection
EndGlobal
