
Microsoft Visual Studio Solution File, Format Version 12.00
# Visual Studio 15
VisualStudioVersion = 15.0.28010.2016
MinimumVisualStudioVersion = 10.0.40219.1
Project("{FAE04EC0-301F-11D3-BF4B-00C04F79EFBC}") = "Lab_8", "Lab_8.csproj", "{4BC02EE2-81F7-41F0-B458-6A02A6E32815}"
EndProject
Global
	GlobalSection(SolutionConfigurationPlatforms) = preSolution
		Debug|Any CPU = Debug|Any CPU
		Release|Any CPU = Release|Any CPU
	EndGlobalSection
	GlobalSection(ProjectConfigurationPlatforms) = postSolution
		{4BC02EE2-81F7-41F0-B458-6A02A6E32815}.Debug|Any CPU.ActiveCfg = Debug|Any CPU
		{4BC02EE2-81F7-41F0-B458-6A02A6E32815}.Debug|Any CPU.Build.0 = Debug|Any CPU
		{4BC02EE2-81F7-41F0-B458-6A02A6E32815}.Release|Any CPU.ActiveCfg = Release|Any CPU
		{4BC02EE2-81F7-41F0-B458-6A02A6E32815}.Release|Any CPU.Build.0 = Release|Any CPU
	EndGlobalSection
	GlobalSection(SolutionProperties) = preSolution
		HideSolutionNode = FALSE
	EndGlobalSection
	GlobalSection(ExtensibilityGlobals) = postSolution
		SolutionGuid = {CEB1A682-43B8-43C6-9D12-B81C7DE283DB}
	EndGlobalSection
EndGlobal
