
Microsoft Visual Studio Solution File, Format Version 12.00
# Visual Studio 15
VisualStudioVersion = 15.0.27428.2037
MinimumVisualStudioVersion = 10.0.40219.1
Project("{FAE04EC0-301F-11D3-BF4B-00C04F79EFBC}") = "LW_4", "LW_4\LW_4.csproj", "{1D3A0870-5DC9-46AC-BCFB-338D16872C67}"
EndProject
Global
	GlobalSection(SolutionConfigurationPlatforms) = preSolution
		Debug|Any CPU = Debug|Any CPU
		Release|Any CPU = Release|Any CPU
	EndGlobalSection
	GlobalSection(ProjectConfigurationPlatforms) = postSolution
		{1D3A0870-5DC9-46AC-BCFB-338D16872C67}.Debug|Any CPU.ActiveCfg = Debug|Any CPU
		{1D3A0870-5DC9-46AC-BCFB-338D16872C67}.Debug|Any CPU.Build.0 = Debug|Any CPU
		{1D3A0870-5DC9-46AC-BCFB-338D16872C67}.Release|Any CPU.ActiveCfg = Release|Any CPU
		{1D3A0870-5DC9-46AC-BCFB-338D16872C67}.Release|Any CPU.Build.0 = Release|Any CPU
	EndGlobalSection
	GlobalSection(SolutionProperties) = preSolution
		HideSolutionNode = FALSE
	EndGlobalSection
	GlobalSection(ExtensibilityGlobals) = postSolution
		SolutionGuid = {ED10A4C2-3FD4-4DB1-868E-CC3BC29D8B32}
	EndGlobalSection
EndGlobal
