
Microsoft Visual Studio Solution File, Format Version 12.00
# Visual Studio 15
VisualStudioVersion = 15.0.28010.2016
MinimumVisualStudioVersion = 10.0.40219.1
Project("{FAE04EC0-301F-11D3-BF4B-00C04F79EFBC}") = "Lab_10", "Lab_10\Lab_10.csproj", "{33BD1BD3-EEAE-4429-9129-1E4DAB6265DB}"
EndProject
Global
	GlobalSection(SolutionConfigurationPlatforms) = preSolution
		Debug|Any CPU = Debug|Any CPU
		Release|Any CPU = Release|Any CPU
	EndGlobalSection
	GlobalSection(ProjectConfigurationPlatforms) = postSolution
		{33BD1BD3-EEAE-4429-9129-1E4DAB6265DB}.Debug|Any CPU.ActiveCfg = Debug|Any CPU
		{33BD1BD3-EEAE-4429-9129-1E4DAB6265DB}.Debug|Any CPU.Build.0 = Debug|Any CPU
		{33BD1BD3-EEAE-4429-9129-1E4DAB6265DB}.Release|Any CPU.ActiveCfg = Release|Any CPU
		{33BD1BD3-EEAE-4429-9129-1E4DAB6265DB}.Release|Any CPU.Build.0 = Release|Any CPU
	EndGlobalSection
	GlobalSection(SolutionProperties) = preSolution
		HideSolutionNode = FALSE
	EndGlobalSection
	GlobalSection(ExtensibilityGlobals) = postSolution
		SolutionGuid = {7F750C80-F393-4B4F-90E5-9B26A92431EC}
	EndGlobalSection
EndGlobal
